// !$*UTF8*$!
{
	archiveVersion = 1;
	classes = {
	};
	objectVersion = 77;
	objects = {

/* Begin PBXBuildFile section */
		383DC715CB8FA44A65E60799 /* HookSocketServer.swift in Sources */ = {isa = PBXBuildFile; fileRef = 2641939622E5AF51417E48A3 /* HookSocketServer.swift */; };
		46C8980C325BB8875DAC1F3F /* NotchWindowController.swift in Sources */ = {isa = PBXBuildFile; fileRef = 47A9EEA29B5C5F7728EF5483 /* NotchWindowController.swift */; };
		BF9A909642F24A14928C126E /* TerminalFocuser.swift in Sources */ = {isa = PBXBuildFile; fileRef = 036DA92FF3F0BB639926AAED /* TerminalFocuser.swift */; };
		CE9F875D32F8792D6554B7F3 /* AppState.swift in Sources */ = {isa = PBXBuildFile; fileRef = 75B4E969E02A31AAA7429C11 /* AppState.swift */; };
		E1F7EF88467F78B5636B38A5 /* DevIslandApp.swift in Sources */ = {isa = PBXBuildFile; fileRef = 9EC617AABFC8B08F45C3F2A1 /* DevIslandApp.swift */; };
		E200A78746CF1962B454D5CA /* GlobalShortcutManager.swift in Sources */ = {isa = PBXBuildFile; fileRef = 6A5A859FB59899688A464531 /* GlobalShortcutManager.swift */; };
/* End PBXBuildFile section */

/* Begin PBXFileReference section */
		036DA92FF3F0BB639926AAED /* TerminalFocuser.swift */ = {isa = PBXFileReference; lastKnownFileType = sourcecode.swift; path = TerminalFocuser.swift; sourceTree = "<group>"; };
		13C8582D409087F811D99347 /* DevIsland.app */ = {isa = PBXFileReference; explicitFileType = wrapper.application; includeInIndex = 0; path = DevIsland.app; sourceTree = BUILT_PRODUCTS_DIR; };
		2641939622E5AF51417E48A3 /* HookSocketServer.swift */ = {isa = PBXFileReference; lastKnownFileType = sourcecode.swift; path = HookSocketServer.swift; sourceTree = "<group>"; };
		47A9EEA29B5C5F7728EF5483 /* NotchWindowController.swift */ = {isa = PBXFileReference; lastKnownFileType = sourcecode.swift; path = NotchWindowController.swift; sourceTree = "<group>"; };
		6A5A859FB59899688A464531 /* GlobalShortcutManager.swift */ = {isa = PBXFileReference; lastKnownFileType = sourcecode.swift; path = GlobalShortcutManager.swift; sourceTree = "<group>"; };
		75B4E969E02A31AAA7429C11 /* AppState.swift */ = {isa = PBXFileReference; lastKnownFileType = sourcecode.swift; path = AppState.swift; sourceTree = "<group>"; };
		9EC617AABFC8B08F45C3F2A1 /* DevIslandApp.swift */ = {isa = PBXFileReference; lastKnownFileType = sourcecode.swift; path = DevIslandApp.swift; sourceTree = "<group>"; };
		F5F146B913A411EB87E5E8E9 /* Info.plist */ = {isa = PBXFileReference; lastKnownFileType = text.plist; path = Info.plist; sourceTree = "<group>"; };
/* End PBXFileReference section */

/* Begin PBXGroup section */
		B07DF5AF7885EDED08BEA5A3 /* Products */ = {
			isa = PBXGroup;
			children = (
				13C8582D409087F811D99347 /* DevIsland.app */,
			);
			name = Products;
			sourceTree = "<group>";
		};
		B144262AB7FF171D803F5FCC = {
			isa = PBXGroup;
			children = (
				B79191AB55D1985B1701688F /* DevIsland */,
				B07DF5AF7885EDED08BEA5A3 /* Products */,
			);
			sourceTree = "<group>";
		};
		B79191AB55D1985B1701688F /* DevIsland */ = {
			isa = PBXGroup;
			children = (
				75B4E969E02A31AAA7429C11 /* AppState.swift */,
				9EC617AABFC8B08F45C3F2A1 /* DevIslandApp.swift */,
				6A5A859FB59899688A464531 /* GlobalShortcutManager.swift */,
				2641939622E5AF51417E48A3 /* HookSocketServer.swift */,
				F5F146B913A411EB87E5E8E9 /* Info.plist */,
				47A9EEA29B5C5F7728EF5483 /* NotchWindowController.swift */,
				036DA92FF3F0BB639926AAED /* TerminalFocuser.swift */,
			);
			path = DevIsland;
			sourceTree = "<group>";
		};
/* End PBXGroup section */

/* Begin PBXNativeTarget section */
		33C08D326DD9605B97747475 /* DevIsland */ = {
			isa = PBXNativeTarget;
			buildConfigurationList = 06726C33AF6D908758133957 /* Build configuration list for PBXNativeTarget "DevIsland" */;
			buildPhases = (
				9CE56EDDC3FE3B55A5109396 /* Sources */,
			);
			buildRules = (
			);
			dependencies = (
			);
			name = DevIsland;
			packageProductDependencies = (
			);
			productName = DevIsland;
			productReference = 13C8582D409087F811D99347 /* DevIsland.app */;
			productType = "com.apple.product-type.application";
		};
/* End PBXNativeTarget section */

/* Begin PBXProject section */
		76FF6BF43B0AFA23563438C4 /* Project object */ = {
			isa = PBXProject;
			attributes = {
				BuildIndependentTargetsInParallel = YES;
				LastUpgradeCheck = 1430;
				TargetAttributes = {
				};
			};
			buildConfigurationList = A9C23968E311A0EAF1DF8768 /* Build configuration list for PBXProject "DevIsland" */;
			developmentRegion = en;
			hasScannedForEncodings = 0;
			knownRegions = (
				Base,
				en,
			);
			mainGroup = B144262AB7FF171D803F5FCC;
			minimizedProjectReferenceProxies = 1;
			preferredProjectObjectVersion = 77;
			productRefGroup = B07DF5AF7885EDED08BEA5A3 /* Products */;
			projectDirPath = "";
			projectRoot = "";
			targets = (
				33C08D326DD9605B97747475 /* DevIsland */,
			);
		};
/* End PBXProject section */

/* Begin PBXSourcesBuildPhase section */
		9CE56EDDC3FE3B55A5109396 /* Sources */ = {
			isa = PBXSourcesBuildPhase;
			buildActionMask = 2147483647;
			files = (
				CE9F875D32F8792D6554B7F3 /* AppState.swift in Sources */,
				E1F7EF88467F78B5636B38A5 /* DevIslandApp.swift in Sources */,
				E200A78746CF1962B454D5CA /* GlobalShortcutManager.swift in Sources */,
				383DC715CB8FA44A65E60799 /* HookSocketServer.swift in Sources */,
				46C8980C325BB8875DAC1F3F /* NotchWindowController.swift in Sources */,
				BF9A909642F24A14928C126E /* TerminalFocuser.swift in Sources */,
			);
			runOnlyForDeploymentPostprocessing = 0;
		};
/* End PBXSourcesBuildPhase section */

/* Begin XCBuildConfiguration section */
		514F87C130506720170C55AA /* Release */ = {
			isa = XCBuildConfiguration;
			buildSettings = {
				ASSETCATALOG_COMPILER_APPICON_NAME = AppIcon;
				COMBINE_HIDPI_IMAGES = YES;
				INFOPLIST_FILE = DevIsland/Info.plist;
				LD_RUNPATH_SEARCH_PATHS = (
					"$(inherited)",
					"@executable_path/../Frameworks",
				);
				MACOSX_DEPLOYMENT_TARGET = 14.0;
				PRODUCT_BUNDLE_IDENTIFIER = kr.or.nes.DevIsland;
				SDKROOT = macosx;
			};
			name = Release;
		};
		7259DBF89076AF05E4144EBD /* Release */ = {
			isa = XCBuildConfiguration;
			buildSettings = {
				ALWAYS_SEARCH_USER_PATHS = NO;
				CLANG_ANALYZER_NONNULL = YES;
				CLANG_ANALYZER_NUMBER_OBJECT_CONVERSION = YES_AGGRESSIVE;
				CLANG_CXX_LANGUAGE_STANDARD = "gnu++14";
				CLANG_CXX_LIBRARY = "libc++";
				CLANG_ENABLE_MODULES = YES;
				CLANG_ENABLE_OBJC_ARC = YES;
				CLANG_ENABLE_OBJC_WEAK = YES;
				CLANG_WARN_BLOCK_CAPTURE_AUTORELEASING = YES;
				CLANG_WARN_BOOL_CONVERSION = YES;
				CLANG_WARN_COMMA = YES;
				CLANG_WARN_CONSTANT_CONVERSION = YES;
				CLANG_WARN_DEPRECATED_OBJC_IMPLEMENTATIONS = YES;
				CLANG_WARN_DIRECT_OBJC_ISA_USAGE = YES_ERROR;
				CLANG_WARN_DOCUMENTATION_COMMENTS = YES;
				CLANG_WARN_EMPTY_BODY = YES;
				CLANG_WARN_ENUM_CONVERSION = YES;
				CLANG_WARN_INFINITE_RECURSION = YES;
				CLANG_WARN_INT_CONVERSION = YES;
				CLANG_WARN_NON_LITERAL_NULL_CONVERSION = YES;
				CLANG_WARN_OBJC_IMPLICIT_RETAIN_SELF = YES;
				CLANG_WARN_OBJC_LITERAL_CONVERSION = YES;
				CLANG_WARN_OBJC_ROOT_CLASS = YES_ERROR;
				CLANG_WARN_QUOTED_INCLUDE_IN_FRAMEWORK_HEADER = YES;
				CLANG_WARN_RANGE_LOOP_ANALYSIS = YES;
				CLANG_WARN_STRICT_PROTOTYPES = YES;
				CLANG_WARN_SUSPICIOUS_MOVE = YES;
				CLANG_WARN_UNGUARDED_AVAILABILITY = YES_AGGRESSIVE;
				CLANG_WARN_UNREACHABLE_CODE = YES;
				CLANG_WARN__DUPLICATE_METHOD_MATCH = YES;
				COPY_PHASE_STRIP = NO;
				DEBUG_INFORMATION_FORMAT = "dwarf-with-dsym";
				ENABLE_NS_ASSERTIONS = NO;
				ENABLE_STRICT_OBJC_MSGSEND = YES;
				GCC_C_LANGUAGE_STANDARD = gnu11;
				GCC_NO_COMMON_BLOCKS = YES;
				GCC_WARN_64_TO_32_BIT_CONVERSION = YES;
				GCC_WARN_ABOUT_RETURN_TYPE = YES_ERROR;
				GCC_WARN_UNDECLARED_SELECTOR = YES;
				GCC_WARN_UNINITIALIZED_AUTOS = YES_AGGRESSIVE;
				GCC_WARN_UNUSED_FUNCTION = YES;
				GCC_WARN_UNUSED_VARIABLE = YES;
				MTL_ENABLE_DEBUG_INFO = NO;
				MTL_FAST_MATH = YES;
				PRODUCT_NAME = "$(TARGET_NAME)";
				SDKROOT = macosx;
				SWIFT_COMPILATION_MODE = wholemodule;
				SWIFT_OPTIMIZATION_LEVEL = "-O";
				SWIFT_VERSION = 5.0;
			};
			name = Release;
		};
		89BCAF992C8A8DD43FE9130E /* Debug */ = {
			isa = XCBuildConfiguration;
			buildSettings = {
				ALWAYS_SEARCH_USER_PATHS = NO;
				CLANG_ANALYZER_NONNULL = YES;
				CLANG_ANALYZER_NUMBER_OBJECT_CONVERSION = YES_AGGRESSIVE;
				CLANG_CXX_LANGUAGE_STANDARD = "gnu++14";
				CLANG_CXX_LIBRARY = "libc++";
				CLANG_ENABLE_MODULES = YES;
				CLANG_ENABLE_OBJC_ARC = YES;
				CLANG_ENABLE_OBJC_WEAK = YES;
				CLANG_WARN_BLOCK_CAPTURE_AUTORELEASING = YES;
				CLANG_WARN_BOOL_CONVERSION = YES;
				CLANG_WARN_COMMA = YES;
				CLANG_WARN_CONSTANT_CONVERSION = YES;
				CLANG_WARN_DEPRECATED_OBJC_IMPLEMENTATIONS = YES;
				CLANG_WARN_DIRECT_OBJC_ISA_USAGE = YES_ERROR;
				CLANG_WARN_DOCUMENTATION_COMMENTS = YES;
				CLANG_WARN_EMPTY_BODY = YES;
				CLANG_WARN_ENUM_CONVERSION = YES;
				CLANG_WARN_INFINITE_RECURSION = YES;
				CLANG_WARN_INT_CONVERSION = YES;
				CLANG_WARN_NON_LITERAL_NULL_CONVERSION = YES;
				CLANG_WARN_OBJC_IMPLICIT_RETAIN_SELF = YES;
				CLANG_WARN_OBJC_LITERAL_CONVERSION = YES;
				CLANG_WARN_OBJC_ROOT_CLASS = YES_ERROR;
				CLANG_WARN_QUOTED_INCLUDE_IN_FRAMEWORK_HEADER = YES;
				CLANG_WARN_RANGE_LOOP_ANALYSIS = YES;
				CLANG_WARN_STRICT_PROTOTYPES = YES;
				CLANG_WARN_SUSPICIOUS_MOVE = YES;
				CLANG_WARN_UNGUARDED_AVAILABILITY = YES_AGGRESSIVE;
				CLANG_WARN_UNREACHABLE_CODE = YES;
				CLANG_WARN__DUPLICATE_METHOD_MATCH = YES;
				COPY_PHASE_STRIP = NO;
				DEBUG_INFORMATION_FORMAT = dwarf;
				ENABLE_STRICT_OBJC_MSGSEND = YES;
				ENABLE_TESTABILITY = YES;
				GCC_C_LANGUAGE_STANDARD = gnu11;
				GCC_DYNAMIC_NO_PIC = NO;
				GCC_NO_COMMON_BLOCKS = YES;
				GCC_OPTIMIZATION_LEVEL = 0;
				GCC_PREPROCESSOR_DEFINITIONS = (
					"$(inherited)",
					"DEBUG=1",
				);
				GCC_WARN_64_TO_32_BIT_CONVERSION = YES;
				GCC_WARN_ABOUT_RETURN_TYPE = YES_ERROR;
				GCC_WARN_UNDECLARED_SELECTOR = YES;
				GCC_WARN_UNINITIALIZED_AUTOS = YES_AGGRESSIVE;
				GCC_WARN_UNUSED_FUNCTION = YES;
				GCC_WARN_UNUSED_VARIABLE = YES;
				MTL_ENABLE_DEBUG_INFO = INCLUDE_SOURCE;
				MTL_FAST_MATH = YES;
				ONLY_ACTIVE_ARCH = YES;
				PRODUCT_NAME = "$(TARGET_NAME)";
				SDKROOT = macosx;
				SWIFT_ACTIVE_COMPILATION_CONDITIONS = DEBUG;
				SWIFT_OPTIMIZATION_LEVEL = "-Onone";
				SWIFT_VERSION = 5.0;
			};
			name = Debug;
		};
		9071588318BF59BEC835070F /* Debug */ = {
			isa = XCBuildConfiguration;
			buildSettings = {
				ASSETCATALOG_COMPILER_APPICON_NAME = AppIcon;
				COMBINE_HIDPI_IMAGES = YES;
				INFOPLIST_FILE = DevIsland/Info.plist;
				LD_RUNPATH_SEARCH_PATHS = (
					"$(inherited)",
					"@executable_path/../Frameworks",
				);
				MACOSX_DEPLOYMENT_TARGET = 14.0;
				PRODUCT_BUNDLE_IDENTIFIER = kr.or.nes.DevIsland;
				SDKROOT = macosx;
			};
			name = Debug;
		};
/* End XCBuildConfiguration section */

/* Begin XCConfigurationList section */
		06726C33AF6D908758133957 /* Build configuration list for PBXNativeTarget "DevIsland" */ = {
			isa = XCConfigurationList;
			buildConfigurations = (
				9071588318BF59BEC835070F /* Debug */,
				514F87C130506720170C55AA /* Release */,
			);
			defaultConfigurationIsVisible = 0;
			defaultConfigurationName = Debug;
		};
		A9C23968E311A0EAF1DF8768 /* Build configuration list for PBXProject "DevIsland" */ = {
			isa = XCConfigurationList;
			buildConfigurations = (
				89BCAF992C8A8DD43FE9130E /* Debug */,
				7259DBF89076AF05E4144EBD /* Release */,
			);
			defaultConfigurationIsVisible = 0;
			defaultConfigurationName = Debug;
		};
/* End XCConfigurationList section */
	};
	rootObject = 76FF6BF43B0AFA23563438C4 /* Project object */;
}
